// !$*UTF8*$!
{
	archiveVersion = 1;
	classes = {
	};
	objectVersion = 55;
	objects = {

/* Begin PBXBuildFile section */
		872657622736F2D900CC42DD /* AppDelegate.swift in Sources */ = {isa = PBXBuildFile; fileRef = 872657612736F2D900CC42DD /* AppDelegate.swift */; };
		872657642736F2D900CC42DD /* SceneDelegate.swift in Sources */ = {isa = PBXBuildFile; fileRef = 872657632736F2D900CC42DD /* SceneDelegate.swift */; };
		872657662736F2D900CC42DD /* ViewController.swift in Sources */ = {isa = PBXBuildFile; fileRef = 872657652736F2D900CC42DD /* ViewController.swift */; };
		872657692736F2D900CC42DD /* Main.storyboard in Resources */ = {isa = PBXBuildFile; fileRef = 872657672736F2D900CC42DD /* Main.storyboard */; };
		8726576B2736F2DA00CC42DD /* Assets.xcassets in Resources */ = {isa = PBXBuildFile; fileRef = 8726576A2736F2DA00CC42DD /* Assets.xcassets */; };
		8726576E2736F2DA00CC42DD /* LaunchScreen.storyboard in Resources */ = {isa = PBXBuildFile; fileRef = 8726576C2736F2DA00CC42DD /* LaunchScreen.storyboard */; };
		872657792736F2DA00CC42DD /* BootcampCollectionViewKullanimiTests.swift in Sources */ = {isa = PBXBuildFile; fileRef = 872657782736F2DA00CC42DD /* BootcampCollectionViewKullanimiTests.swift */; };
		872657832736F2DA00CC42DD /* BootcampCollectionViewKullanimiUITests.swift in Sources */ = {isa = PBXBuildFile; fileRef = 872657822736F2DA00CC42DD /* BootcampCollectionViewKullanimiUITests.swift */; };
		872657852736F2DA00CC42DD /* BootcampCollectionViewKullanimiUITestsLaunchTests.swift in Sources */ = {isa = PBXBuildFile; fileRef = 872657842736F2DA00CC42DD /* BootcampCollectionViewKullanimiUITestsLaunchTests.swift */; };
		872657922736F54200CC42DD /* UlkeCollectionViewCell.swift in Sources */ = {isa = PBXBuildFile; fileRef = 872657912736F54200CC42DD /* UlkeCollectionViewCell.swift */; };
		872657942736F5DA00CC42DD /* Ulkeler.swift in Sources */ = {isa = PBXBuildFile; fileRef = 872657932736F5DA00CC42DD /* Ulkeler.swift */; };
		87894937273989EF0033D36C /* DetayVC.swift in Sources */ = {isa = PBXBuildFile; fileRef = 87894936273989EF0033D36C /* DetayVC.swift */; };
/* End PBXBuildFile section */

/* Begin PBXContainerItemProxy section */
		872657752736F2DA00CC42DD /* PBXContainerItemProxy */ = {
			isa = PBXContainerItemProxy;
			containerPortal = 872657562736F2D900CC42DD /* Project object */;
			proxyType = 1;
			remoteGlobalIDString = 8726575D2736F2D900CC42DD;
			remoteInfo = BootcampCollectionViewKullanimi;
		};
		8726577F2736F2DA00CC42DD /* PBXContainerItemProxy */ = {
			isa = PBXContainerItemProxy;
			containerPortal = 872657562736F2D900CC42DD /* Project object */;
			proxyType = 1;
			remoteGlobalIDString = 8726575D2736F2D900CC42DD;
			remoteInfo = BootcampCollectionViewKullanimi;
		};
/* End PBXContainerItemProxy section */

/* Begin PBXFileReference section */
		8726575E2736F2D900CC42DD /* BootcampCollectionViewKullanimi.app */ = {isa = PBXFileReference; explicitFileType = wrapper.application; includeInIndex = 0; path = BootcampCollectionViewKullanimi.app; sourceTree = BUILT_PRODUCTS_DIR; };
		872657612736F2D900CC42DD /* AppDelegate.swift */ = {isa = PBXFileReference; lastKnownFileType = sourcecode.swift; path = AppDelegate.swift; sourceTree = "<group>"; };
		872657632736F2D900CC42DD /* SceneDelegate.swift */ = {isa = PBXFileReference; lastKnownFileType = sourcecode.swift; path = SceneDelegate.swift; sourceTree = "<group>"; };
		872657652736F2D900CC42DD /* ViewController.swift */ = {isa = PBXFileReference; lastKnownFileType = sourcecode.swift; path = ViewController.swift; sourceTree = "<group>"; };
		872657682736F2D900CC42DD /* Base */ = {isa = PBXFileReference; lastKnownFileType = file.storyboard; name = Base; path = Base.lproj/Main.storyboard; sourceTree = "<group>"; };
		8726576A2736F2DA00CC42DD /* Assets.xcassets */ = {isa = PBXFileReference; lastKnownFileType = folder.assetcatalog; path = Assets.xcassets; sourceTree = "<group>"; };
		8726576D2736F2DA00CC42DD /* Base */ = {isa = PBXFileReference; lastKnownFileType = file.storyboard; name = Base; path = Base.lproj/LaunchScreen.storyboard; sourceTree = "<group>"; };
		8726576F2736F2DA00CC42DD /* Info.plist */ = {isa = PBXFileReference; lastKnownFileType = text.plist.xml; path = Info.plist; sourceTree = "<group>"; };
		872657742736F2DA00CC42DD /* BootcampCollectionViewKullanimiTests.xctest */ = {isa = PBXFileReference; explicitFileType = wrapper.cfbundle; includeInIndex = 0; path = BootcampCollectionViewKullanimiTests.xctest; sourceTree = BUILT_PRODUCTS_DIR; };
		872657782736F2DA00CC42DD /* BootcampCollectionViewKullanimiTests.swift */ = {isa = PBXFileReference; lastKnownFileType = sourcecode.swift; path = BootcampCollectionViewKullanimiTests.swift; sourceTree = "<group>"; };
		8726577E2736F2DA00CC42DD /* BootcampCollectionViewKullanimiUITests.xctest */ = {isa = PBXFileReference; explicitFileType = wrapper.cfbundle; includeInIndex = 0; path = BootcampCollectionViewKullanimiUITests.xctest; sourceTree = BUILT_PRODUCTS_DIR; };
		872657822736F2DA00CC42DD /* BootcampCollectionViewKullanimiUITests.swift */ = {isa = PBXFileReference; lastKnownFileType = sourcecode.swift; path = BootcampCollectionViewKullanimiUITests.swift; sourceTree = "<group>"; };
		872657842736F2DA00CC42DD /* BootcampCollectionViewKullanimiUITestsLaunchTests.swift */ = {isa = PBXFileReference; lastKnownFileType = sourcecode.swift; path = BootcampCollectionViewKullanimiUITestsLaunchTests.swift; sourceTree = "<group>"; };
		872657912736F54200CC42DD /* UlkeCollectionViewCell.swift */ = {isa = PBXFileReference; lastKnownFileType = sourcecode.swift; path = UlkeCollectionViewCell.swift; sourceTree = "<group>"; };
		872657932736F5DA00CC42DD /* Ulkeler.swift */ = {isa = PBXFileReference; lastKnownFileType = sourcecode.swift; path = Ulkeler.swift; sourceTree = "<group>"; };
		87894936273989EF0033D36C /* DetayVC.swift */ = {isa = PBXFileReference; lastKnownFileType = sourcecode.swift; path = DetayVC.swift; sourceTree = "<group>"; };
/* End PBXFileReference section */

/* Begin PBXFrameworksBuildPhase section */
		8726575B2736F2D900CC42DD /* Frameworks */ = {
			isa = PBXFrameworksBuildPhase;
			buildActionMask = 2147483647;
			files = (
			);
			runOnlyForDeploymentPostprocessing = 0;
		};
		872657712736F2DA00CC42DD /* Frameworks */ = {
			isa = PBXFrameworksBuildPhase;
			buildActionMask = 2147483647;
			files = (
			);
			runOnlyForDeploymentPostprocessing = 0;
		};
		8726577B2736F2DA00CC42DD /* Frameworks */ = {
			isa = PBXFrameworksBuildPhase;
			buildActionMask = 2147483647;
			files = (
			);
			runOnlyForDeploymentPostprocessing = 0;
		};
/* End PBXFrameworksBuildPhase section */

/* Begin PBXGroup section */
		872657552736F2D900CC42DD = {
			isa = PBXGroup;
			children = (
				872657602736F2D900CC42DD /* BootcampCollectionViewKullanimi */,
				872657772736F2DA00CC42DD /* BootcampCollectionViewKullanimiTests */,
				872657812736F2DA00CC42DD /* BootcampCollectionViewKullanimiUITests */,
				8726575F2736F2D900CC42DD /* Products */,
			);
			sourceTree = "<group>";
		};
		8726575F2736F2D900CC42DD /* Products */ = {
			isa = PBXGroup;
			children = (
				8726575E2736F2D900CC42DD /* BootcampCollectionViewKullanimi.app */,
				872657742736F2DA00CC42DD /* BootcampCollectionViewKullanimiTests.xctest */,
				8726577E2736F2DA00CC42DD /* BootcampCollectionViewKullanimiUITests.xctest */,
			);
			name = Products;
			sourceTree = "<group>";
		};
		872657602736F2D900CC42DD /* BootcampCollectionViewKullanimi */ = {
			isa = PBXGroup;
			children = (
				872657612736F2D900CC42DD /* AppDelegate.swift */,
				872657632736F2D900CC42DD /* SceneDelegate.swift */,
				872657652736F2D900CC42DD /* ViewController.swift */,
				872657672736F2D900CC42DD /* Main.storyboard */,
				87894936273989EF0033D36C /* DetayVC.swift */,
				872657932736F5DA00CC42DD /* Ulkeler.swift */,
				872657912736F54200CC42DD /* UlkeCollectionViewCell.swift */,
				8726576A2736F2DA00CC42DD /* Assets.xcassets */,
				8726576C2736F2DA00CC42DD /* LaunchScreen.storyboard */,
				8726576F2736F2DA00CC42DD /* Info.plist */,
			);
			path = BootcampCollectionViewKullanimi;
			sourceTree = "<group>";
		};
		872657772736F2DA00CC42DD /* BootcampCollectionViewKullanimiTests */ = {
			isa = PBXGroup;
			children = (
				872657782736F2DA00CC42DD /* BootcampCollectionViewKullanimiTests.swift */,
			);
			path = BootcampCollectionViewKullanimiTests;
			sourceTree = "<group>";
		};
		872657812736F2DA00CC42DD /* BootcampCollectionViewKullanimiUITests */ = {
			isa = PBXGroup;
			children = (
				872657822736F2DA00CC42DD /* BootcampCollectionViewKullanimiUITests.swift */,
				872657842736F2DA00CC42DD /* BootcampCollectionViewKullanimiUITestsLaunchTests.swift */,
			);
			path = BootcampCollectionViewKullanimiUITests;
			sourceTree = "<group>";
		};
/* End PBXGroup section */

/* Begin PBXNativeTarget section */
		8726575D2736F2D900CC42DD /* BootcampCollectionViewKullanimi */ = {
			isa = PBXNativeTarget;
			buildConfigurationList = 872657882736F2DA00CC42DD /* Build configuration list for PBXNativeTarget "BootcampCollectionViewKullanimi" */;
			buildPhases = (
				8726575A2736F2D900CC42DD /* Sources */,
				8726575B2736F2D900CC42DD /* Frameworks */,
				8726575C2736F2D900CC42DD /* Resources */,
			);
			buildRules = (
			);
			dependencies = (
			);
			name = BootcampCollectionViewKullanimi;
			productName = BootcampCollectionViewKullanimi;
			productReference = 8726575E2736F2D900CC42DD /* BootcampCollectionViewKullanimi.app */;
			productType = "com.apple.product-type.application";
		};
		872657732736F2DA00CC42DD /* BootcampCollectionViewKullanimiTests */ = {
			isa = PBXNativeTarget;
			buildConfigurationList = 8726578B2736F2DA00CC42DD /* Build configuration list for PBXNativeTarget "BootcampCollectionViewKullanimiTests" */;
			buildPhases = (
				872657702736F2DA00CC42DD /* Sources */,
				872657712736F2DA00CC42DD /* Frameworks */,
				872657722736F2DA00CC42DD /* Resources */,
			);
			buildRules = (
			);
			dependencies = (
				872657762736F2DA00CC42DD /* PBXTargetDependency */,
			);
			name = BootcampCollectionViewKullanimiTests;
			productName = BootcampCollectionViewKullanimiTests;
			productReference = 872657742736F2DA00CC42DD /* BootcampCollectionViewKullanimiTests.xctest */;
			productType = "com.apple.product-type.bundle.unit-test";
		};
		8726577D2736F2DA00CC42DD /* BootcampCollectionViewKullanimiUITests */ = {
			isa = PBXNativeTarget;
			buildConfigurationList = 8726578E2736F2DA00CC42DD /* Build configuration list for PBXNativeTarget "BootcampCollectionViewKullanimiUITests" */;
			buildPhases = (
				8726577A2736F2DA00CC42DD /* Sources */,
				8726577B2736F2DA00CC42DD /* Frameworks */,
				8726577C2736F2DA00CC42DD /* Resources */,
			);
			buildRules = (
			);
			dependencies = (
				872657802736F2DA00CC42DD /* PBXTargetDependency */,
			);
			name = BootcampCollectionViewKullanimiUITests;
			productName = BootcampCollectionViewKullanimiUITests;
			productReference = 8726577E2736F2DA00CC42DD /* BootcampCollectionViewKullanimiUITests.xctest */;
			productType = "com.apple.product-type.bundle.ui-testing";
		};
/* End PBXNativeTarget section */

/* Begin PBXProject section */
		872657562736F2D900CC42DD /* Project object */ = {
			isa = PBXProject;
			attributes = {
				BuildIndependentTargetsInParallel = 1;
				LastSwiftUpdateCheck = 1310;
				LastUpgradeCheck = 1310;
				TargetAttributes = {
					8726575D2736F2D900CC42DD = {
						CreatedOnToolsVersion = 13.1;
					};
					872657732736F2DA00CC42DD = {
						CreatedOnToolsVersion = 13.1;
						TestTargetID = 8726575D2736F2D900CC42DD;
					};
					8726577D2736F2DA00CC42DD = {
						CreatedOnToolsVersion = 13.1;
						TestTargetID = 8726575D2736F2D900CC42DD;
					};
				};
			};
			buildConfigurationList = 872657592736F2D900CC42DD /* Build configuration list for PBXProject "BootcampCollectionViewKullanimi" */;
			compatibilityVersion = "Xcode 13.0";
			developmentRegion = en;
			hasScannedForEncodings = 0;
			knownRegions = (
				en,
				Base,
			);
			mainGroup = 872657552736F2D900CC42DD;
			productRefGroup = 8726575F2736F2D900CC42DD /* Products */;
			projectDirPath = "";
			projectRoot = "";
			targets = (
				8726575D2736F2D900CC42DD /* BootcampCollectionViewKullanimi */,
				872657732736F2DA00CC42DD /* BootcampCollectionViewKullanimiTests */,
				8726577D2736F2DA00CC42DD /* BootcampCollectionViewKullanimiUITests */,
			);
		};
/* End PBXProject section */

/* Begin PBXResourcesBuildPhase section */
		8726575C2736F2D900CC42DD /* Resources */ = {
			isa = PBXResourcesBuildPhase;
			buildActionMask = 2147483647;
			files = (
				8726576E2736F2DA00CC42DD /* LaunchScreen.storyboard in Resources */,
				8726576B2736F2DA00CC42DD /* Assets.xcassets in Resources */,
				872657692736F2D900CC42DD /* Main.storyboard in Resources */,
			);
			runOnlyForDeploymentPostprocessing = 0;
		};
		872657722736F2DA00CC42DD /* Resources */ = {
			isa = PBXResourcesBuildPhase;
			buildActionMask = 2147483647;
			files = (
			);
			runOnlyForDeploymentPostprocessing = 0;
		};
		8726577C2736F2DA00CC42DD /* Resources */ = {
			isa = PBXResourcesBuildPhase;
			buildActionMask = 2147483647;
			files = (
			);
			runOnlyForDeploymentPostprocessing = 0;
		};
/* End PBXResourcesBuildPhase section */

/* Begin PBXSourcesBuildPhase section */
		8726575A2736F2D900CC42DD /* Sources */ = {
			isa = PBXSourcesBuildPhase;
			buildActionMask = 2147483647;
			files = (
				87894937273989EF0033D36C /* DetayVC.swift in Sources */,
				872657662736F2D900CC42DD /* ViewController.swift in Sources */,
				872657622736F2D900CC42DD /* AppDelegate.swift in Sources */,
				872657942736F5DA00CC42DD /* Ulkeler.swift in Sources */,
				872657642736F2D900CC42DD /* SceneDelegate.swift in Sources */,
				872657922736F54200CC42DD /* UlkeCollectionViewCell.swift in Sources */,
			);
			runOnlyForDeploymentPostprocessing = 0;
		};
		872657702736F2DA00CC42DD /* Sources */ = {
			isa = PBXSourcesBuildPhase;
			buildActionMask = 2147483647;
			files = (
				872657792736F2DA00CC42DD /* BootcampCollectionViewKullanimiTests.swift in Sources */,
			);
			runOnlyForDeploymentPostprocessing = 0;
		};
		8726577A2736F2DA00CC42DD /* Sources */ = {
			isa = PBXSourcesBuildPhase;
			buildActionMask = 2147483647;
			files = (
				872657832736F2DA00CC42DD /* BootcampCollectionViewKullanimiUITests.swift in Sources */,
				872657852736F2DA00CC42DD /* BootcampCollectionViewKullanimiUITestsLaunchTests.swift in Sources */,
			);
			runOnlyForDeploymentPostprocessing = 0;
		};
/* End PBXSourcesBuildPhase section */

/* Begin PBXTargetDependency section */
		872657762736F2DA00CC42DD /* PBXTargetDependency */ = {
			isa = PBXTargetDependency;
			target = 8726575D2736F2D900CC42DD /* BootcampCollectionViewKullanimi */;
			targetProxy = 872657752736F2DA00CC42DD /* PBXContainerItemProxy */;
		};
		872657802736F2DA00CC42DD /* PBXTargetDependency */ = {
			isa = PBXTargetDependency;
			target = 8726575D2736F2D900CC42DD /* BootcampCollectionViewKullanimi */;
			targetProxy = 8726577F2736F2DA00CC42DD /* PBXContainerItemProxy */;
		};
/* End PBXTargetDependency section */

/* Begin PBXVariantGroup section */
		872657672736F2D900CC42DD /* Main.storyboard */ = {
			isa = PBXVariantGroup;
			children = (
				872657682736F2D900CC42DD /* Base */,
			);
			name = Main.storyboard;
			sourceTree = "<group>";
		};
		8726576C2736F2DA00CC42DD /* LaunchScreen.storyboard */ = {
			isa = PBXVariantGroup;
			children = (
				8726576D2736F2DA00CC42DD /* Base */,
			);
			name = LaunchScreen.storyboard;
			sourceTree = "<group>";
		};
/* End PBXVariantGroup section */

/* Begin XCBuildConfiguration section */
		872657862736F2DA00CC42DD /* Debug */ = {
			isa = XCBuildConfiguration;
			buildSettings = {
				ALWAYS_SEARCH_USER_PATHS = NO;
				CLANG_ANALYZER_NONNULL = YES;
				CLANG_ANALYZER_NUMBER_OBJECT_CONVERSION = YES_AGGRESSIVE;
				CLANG_CXX_LANGUAGE_STANDARD = "gnu++17";
				CLANG_CXX_LIBRARY = "libc++";
				CLANG_ENABLE_MODULES = YES;
				CLANG_ENABLE_OBJC_ARC = YES;
				CLANG_ENABLE_OBJC_WEAK = YES;
				CLANG_WARN_BLOCK_CAPTURE_AUTORELEASING = YES;
				CLANG_WARN_BOOL_CONVERSION = YES;
				CLANG_WARN_COMMA = YES;
				CLANG_WARN_CONSTANT_CONVERSION = YES;
				CLANG_WARN_DEPRECATED_OBJC_IMPLEMENTATIONS = YES;
				CLANG_WARN_DIRECT_OBJC_ISA_USAGE = YES_ERROR;
				CLANG_WARN_DOCUMENTATION_COMMENTS = YES;
				CLANG_WARN_EMPTY_BODY = YES;
				CLANG_WARN_ENUM_CONVERSION = YES;
				CLANG_WARN_INFINITE_RECURSION = YES;
				CLANG_WARN_INT_CONVERSION = YES;
				CLANG_WARN_NON_LITERAL_NULL_CONVERSION = YES;
				CLANG_WARN_OBJC_IMPLICIT_RETAIN_SELF = YES;
				CLANG_WARN_OBJC_LITERAL_CONVERSION = YES;
				CLANG_WARN_OBJC_ROOT_CLASS = YES_ERROR;
				CLANG_WARN_QUOTED_INCLUDE_IN_FRAMEWORK_HEADER = YES;
				CLANG_WARN_RANGE_LOOP_ANALYSIS = YES;
				CLANG_WARN_STRICT_PROTOTYPES = YES;
				CLANG_WARN_SUSPICIOUS_MOVE = YES;
				CLANG_WARN_UNGUARDED_AVAILABILITY = YES_AGGRESSIVE;
				CLANG_WARN_UNREACHABLE_CODE = YES;
				CLANG_WARN__DUPLICATE_METHOD_MATCH = YES;
				COPY_PHASE_STRIP = NO;
				DEBUG_INFORMATION_FORMAT = dwarf;
				ENABLE_STRICT_OBJC_MSGSEND = YES;
				ENABLE_TESTABILITY = YES;
				GCC_C_LANGUAGE_STANDARD = gnu11;
				GCC_DYNAMIC_NO_PIC = NO;
				GCC_NO_COMMON_BLOCKS = YES;
				GCC_OPTIMIZATION_LEVEL = 0;
				GCC_PREPROCESSOR_DEFINITIONS = (
					"DEBUG=1",
					"$(inherited)",
				);
				GCC_WARN_64_TO_32_BIT_CONVERSION = YES;
				GCC_WARN_ABOUT_RETURN_TYPE = YES_ERROR;
				GCC_WARN_UNDECLARED_SELECTOR = YES;
				GCC_WARN_UNINITIALIZED_AUTOS = YES_AGGRESSIVE;
				GCC_WARN_UNUSED_FUNCTION = YES;
				GCC_WARN_UNUSED_VARIABLE = YES;
				IPHONEOS_DEPLOYMENT_TARGET = 15.0;
				MTL_ENABLE_DEBUG_INFO = INCLUDE_SOURCE;
				MTL_FAST_MATH = YES;
				ONLY_ACTIVE_ARCH = YES;
				SDKROOT = iphoneos;
				SWIFT_ACTIVE_COMPILATION_CONDITIONS = DEBUG;
				SWIFT_OPTIMIZATION_LEVEL = "-Onone";
			};
			name = Debug;
		};
		872657872736F2DA00CC42DD /* Release */ = {
			isa = XCBuildConfiguration;
			buildSettings = {
				ALWAYS_SEARCH_USER_PATHS = NO;
				CLANG_ANALYZER_NONNULL = YES;
				CLANG_ANALYZER_NUMBER_OBJECT_CONVERSION = YES_AGGRESSIVE;
				CLANG_CXX_LANGUAGE_STANDARD = "gnu++17";
				CLANG_CXX_LIBRARY = "libc++";
				CLANG_ENABLE_MODULES = YES;
				CLANG_ENABLE_OBJC_ARC = YES;
				CLANG_ENABLE_OBJC_WEAK = YES;
				CLANG_WARN_BLOCK_CAPTURE_AUTORELEASING = YES;
				CLANG_WARN_BOOL_CONVERSION = YES;
				CLANG_WARN_COMMA = YES;
				CLANG_WARN_CONSTANT_CONVERSION = YES;
				CLANG_WARN_DEPRECATED_OBJC_IMPLEMENTATIONS = YES;
				CLANG_WARN_DIRECT_OBJC_ISA_USAGE = YES_ERROR;
				CLANG_WARN_DOCUMENTATION_COMMENTS = YES;
				CLANG_WARN_EMPTY_BODY = YES;
				CLANG_WARN_ENUM_CONVERSION = YES;
				CLANG_WARN_INFINITE_RECURSION = YES;
				CLANG_WARN_INT_CONVERSION = YES;
				CLANG_WARN_NON_LITERAL_NULL_CONVERSION = YES;
				CLANG_WARN_OBJC_IMPLICIT_RETAIN_SELF = YES;
				CLANG_WARN_OBJC_LITERAL_CONVERSION = YES;
				CLANG_WARN_OBJC_ROOT_CLASS = YES_ERROR;
				CLANG_WARN_QUOTED_INCLUDE_IN_FRAMEWORK_HEADER = YES;
				CLANG_WARN_RANGE_LOOP_ANALYSIS = YES;
				CLANG_WARN_STRICT_PROTOTYPES = YES;
				CLANG_WARN_SUSPICIOUS_MOVE = YES;
				CLANG_WARN_UNGUARDED_AVAILABILITY = YES_AGGRESSIVE;
				CLANG_WARN_UNREACHABLE_CODE = YES;
				CLANG_WARN__DUPLICATE_METHOD_MATCH = YES;
				COPY_PHASE_STRIP = NO;
				DEBUG_INFORMATION_FORMAT = "dwarf-with-dsym";
				ENABLE_NS_ASSERTIONS = NO;
				ENABLE_STRICT_OBJC_MSGSEND = YES;
				GCC_C_LANGUAGE_STANDARD = gnu11;
				GCC_NO_COMMON_BLOCKS = YES;
				GCC_WARN_64_TO_32_BIT_CONVERSION = YES;
				GCC_WARN_ABOUT_RETURN_TYPE = YES_ERROR;
				GCC_WARN_UNDECLARED_SELECTOR = YES;
				GCC_WARN_UNINITIALIZED_AUTOS = YES_AGGRESSIVE;
				GCC_WARN_UNUSED_FUNCTION = YES;
				GCC_WARN_UNUSED_VARIABLE = YES;
				IPHONEOS_DEPLOYMENT_TARGET = 15.0;
				MTL_ENABLE_DEBUG_INFO = NO;
				MTL_FAST_MATH = YES;
				SDKROOT = iphoneos;
				SWIFT_COMPILATION_MODE = wholemodule;
				SWIFT_OPTIMIZATION_LEVEL = "-O";
				VALIDATE_PRODUCT = YES;
			};
			name = Release;
		};
		872657892736F2DA00CC42DD /* Debug */ = {
			isa = XCBuildConfiguration;
			buildSettings = {
				ASSETCATALOG_COMPILER_APPICON_NAME = AppIcon;
				ASSETCATALOG_COMPILER_GLOBAL_ACCENT_COLOR_NAME = AccentColor;
				CODE_SIGN_STYLE = Automatic;
				CURRENT_PROJECT_VERSION = 1;
				GENERATE_INFOPLIST_FILE = YES;
				INFOPLIST_FILE = BootcampCollectionViewKullanimi/Info.plist;
				INFOPLIST_KEY_UIApplicationSupportsIndirectInputEvents = YES;
				INFOPLIST_KEY_UILaunchStoryboardName = LaunchScreen;
				INFOPLIST_KEY_UIMainStoryboardFile = Main;
				INFOPLIST_KEY_UISupportedInterfaceOrientations_iPad = "UIInterfaceOrientationPortrait UIInterfaceOrientationPortraitUpsideDown UIInterfaceOrientationLandscapeLeft UIInterfaceOrientationLandscapeRight";
				INFOPLIST_KEY_UISupportedInterfaceOrientations_iPhone = "UIInterfaceOrientationPortrait UIInterfaceOrientationLandscapeLeft UIInterfaceOrientationLandscapeRight";
				LD_RUNPATH_SEARCH_PATHS = (
					"$(inherited)",
					"@executable_path/Frameworks",
				);
				MARKETING_VERSION = 1.0;
				PRODUCT_BUNDLE_IDENTIFIER = "ertugrulkulaber-gmail.com.BootcampCollectionViewKullanimi";
				PRODUCT_NAME = "$(TARGET_NAME)";
				SWIFT_EMIT_LOC_STRINGS = YES;
				SWIFT_VERSION = 5.0;
				TARGETED_DEVICE_FAMILY = "1,2";
			};
			name = Debug;
		};
		8726578A2736F2DA00CC42DD /* Release */ = {
			isa = XCBuildConfiguration;
			buildSettings = {
				ASSETCATALOG_COMPILER_APPICON_NAME = AppIcon;
				ASSETCATALOG_COMPILER_GLOBAL_ACCENT_COLOR_NAME = AccentColor;
				CODE_SIGN_STYLE = Automatic;
				CURRENT_PROJECT_VERSION = 1;
				GENERATE_INFOPLIST_FILE = YES;
				INFOPLIST_FILE = BootcampCollectionViewKullanimi/Info.plist;
				INFOPLIST_KEY_UIApplicationSupportsIndirectInputEvents = YES;
				INFOPLIST_KEY_UILaunchStoryboardName = LaunchScreen;
				INFOPLIST_KEY_UIMainStoryboardFile = Main;
				INFOPLIST_KEY_UISupportedInterfaceOrientations_iPad = "UIInterfaceOrientationPortrait UIInterfaceOrientationPortraitUpsideDown UIInterfaceOrientationLandscapeLeft UIInterfaceOrientationLandscapeRight";
				INFOPLIST_KEY_UISupportedInterfaceOrientations_iPhone = "UIInterfaceOrientationPortrait UIInterfaceOrientationLandscapeLeft UIInterfaceOrientationLandscapeRight";
				LD_RUNPATH_SEARCH_PATHS = (
					"$(inherited)",
					"@executable_path/Frameworks",
				);
				MARKETING_VERSION = 1.0;
				PRODUCT_BUNDLE_IDENTIFIER = "ertugrulkulaber-gmail.com.BootcampCollectionViewKullanimi";
				PRODUCT_NAME = "$(TARGET_NAME)";
				SWIFT_EMIT_LOC_STRINGS = YES;
				SWIFT_VERSION = 5.0;
				TARGETED_DEVICE_FAMILY = "1,2";
			};
			name = Release;
		};
		8726578C2736F2DA00CC42DD /* Debug */ = {
			isa = XCBuildConfiguration;
			buildSettings = {
				ALWAYS_EMBED_SWIFT_STANDARD_LIBRARIES = YES;
				BUNDLE_LOADER = "$(TEST_HOST)";
				CODE_SIGN_STYLE = Automatic;
				CURRENT_PROJECT_VERSION = 1;
				GENERATE_INFOPLIST_FILE = YES;
				IPHONEOS_DEPLOYMENT_TARGET = 15.0;
				LD_RUNPATH_SEARCH_PATHS = (
					"$(inherited)",
					"@executable_path/Frameworks",
					"@loader_path/Frameworks",
				);
				MARKETING_VERSION = 1.0;
				PRODUCT_BUNDLE_IDENTIFIER = "ertugrulkulaber-gmail.com.BootcampCollectionViewKullanimiTests";
				PRODUCT_NAME = "$(TARGET_NAME)";
				SWIFT_EMIT_LOC_STRINGS = NO;
				SWIFT_VERSION = 5.0;
				TARGETED_DEVICE_FAMILY = "1,2";
				TEST_HOST = "$(BUILT_PRODUCTS_DIR)/BootcampCollectionViewKullanimi.app/BootcampCollectionViewKullanimi";
			};
			name = Debug;
		};
		8726578D2736F2DA00CC42DD /* Release */ = {
			isa = XCBuildConfiguration;
			buildSettings = {
				ALWAYS_EMBED_SWIFT_STANDARD_LIBRARIES = YES;
				BUNDLE_LOADER = "$(TEST_HOST)";
				CODE_SIGN_STYLE = Automatic;
				CURRENT_PROJECT_VERSION = 1;
				GENERATE_INFOPLIST_FILE = YES;
				IPHONEOS_DEPLOYMENT_TARGET = 15.0;
				LD_RUNPATH_SEARCH_PATHS = (
					"$(inherited)",
					"@executable_path/Frameworks",
					"@loader_path/Frameworks",
				);
				MARKETING_VERSION = 1.0;
				PRODUCT_BUNDLE_IDENTIFIER = "ertugrulkulaber-gmail.com.BootcampCollectionViewKullanimiTests";
				PRODUCT_NAME = "$(TARGET_NAME)";
				SWIFT_EMIT_LOC_STRINGS = NO;
				SWIFT_VERSION = 5.0;
				TARGETED_DEVICE_FAMILY = "1,2";
				TEST_HOST = "$(BUILT_PRODUCTS_DIR)/BootcampCollectionViewKullanimi.app/BootcampCollectionViewKullanimi";
			};
			name = Release;
		};
		8726578F2736F2DA00CC42DD /* Debug */ = {
			isa = XCBuildConfiguration;
			buildSettings = {
				ALWAYS_EMBED_SWIFT_STANDARD_LIBRARIES = YES;
				CODE_SIGN_STYLE = Automatic;
				CURRENT_PROJECT_VERSION = 1;
				GENERATE_INFOPLIST_FILE = YES;
				LD_RUNPATH_SEARCH_PATHS = (
					"$(inherited)",
					"@executable_path/Frameworks",
					"@loader_path/Frameworks",
				);
				MARKETING_VERSION = 1.0;
				PRODUCT_BUNDLE_IDENTIFIER = "ertugrulkulaber-gmail.com.BootcampCollectionViewKullanimiUITests";
				PRODUCT_NAME = "$(TARGET_NAME)";
				SWIFT_EMIT_LOC_STRINGS = NO;
				SWIFT_VERSION = 5.0;
				TARGETED_DEVICE_FAMILY = "1,2";
				TEST_TARGET_NAME = BootcampCollectionViewKullanimi;
			};
			name = Debug;
		};
		872657902736F2DA00CC42DD /* Release */ = {
			isa = XCBuildConfiguration;
			buildSettings = {
				ALWAYS_EMBED_SWIFT_STANDARD_LIBRARIES = YES;
				CODE_SIGN_STYLE = Automatic;
				CURRENT_PROJECT_VERSION = 1;
				GENERATE_INFOPLIST_FILE = YES;
				LD_RUNPATH_SEARCH_PATHS = (
					"$(inherited)",
					"@executable_path/Frameworks",
					"@loader_path/Frameworks",
				);
				MARKETING_VERSION = 1.0;
				PRODUCT_BUNDLE_IDENTIFIER = "ertugrulkulaber-gmail.com.BootcampCollectionViewKullanimiUITests";
				PRODUCT_NAME = "$(TARGET_NAME)";
				SWIFT_EMIT_LOC_STRINGS = NO;
				SWIFT_VERSION = 5.0;
				TARGETED_DEVICE_FAMILY = "1,2";
				TEST_TARGET_NAME = BootcampCollectionViewKullanimi;
			};
			name = Release;
		};
/* End XCBuildConfiguration section */

/* Begin XCConfigurationList section */
		872657592736F2D900CC42DD /* Build configuration list for PBXProject "BootcampCollectionViewKullanimi" */ = {
			isa = XCConfigurationList;
			buildConfigurations = (
				872657862736F2DA00CC42DD /* Debug */,
				872657872736F2DA00CC42DD /* Release */,
			);
			defaultConfigurationIsVisible = 0;
			defaultConfigurationName = Release;
		};
		872657882736F2DA00CC42DD /* Build configuration list for PBXNativeTarget "BootcampCollectionViewKullanimi" */ = {
			isa = XCConfigurationList;
			buildConfigurations = (
				872657892736F2DA00CC42DD /* Debug */,
				8726578A2736F2DA00CC42DD /* Release */,
			);
			defaultConfigurationIsVisible = 0;
			defaultConfigurationName = Release;
		};
		8726578B2736F2DA00CC42DD /* Build configuration list for PBXNativeTarget "BootcampCollectionViewKullanimiTests" */ = {
			isa = XCConfigurationList;
			buildConfigurations = (
				8726578C2736F2DA00CC42DD /* Debug */,
				8726578D2736F2DA00CC42DD /* Release */,
			);
			defaultConfigurationIsVisible = 0;
			defaultConfigurationName = Release;
		};
		8726578E2736F2DA00CC42DD /* Build configuration list for PBXNativeTarget "BootcampCollectionViewKullanimiUITests" */ = {
			isa = XCConfigurationList;
			buildConfigurations = (
				8726578F2736F2DA00CC42DD /* Debug */,
				872657902736F2DA00CC42DD /* Release */,
			);
			defaultConfigurationIsVisible = 0;
			defaultConfigurationName = Release;
		};
/* End XCConfigurationList section */
	};
	rootObject = 872657562736F2D900CC42DD /* Project object */;
}
